// !$*UTF8*$!
{
	archiveVersion = 1;
	classes = {
	};
	objectVersion = 52;
	objects = {

/* Begin PBXBuildFile section */
		3B18FE3F23A1A7EC009B058A /* LocationCarouselController.swift in Sources */ = {isa = PBXBuildFile; fileRef = 3B18FE3E23A1A7EC009B058A /* LocationCarouselController.swift */; };
		3B18FE4123A1A84C009B058A /* MKMapItem+Address.swift in Sources */ = {isa = PBXBuildFile; fileRef = 3B18FE4023A1A84C009B058A /* MKMapItem+Address.swift */; };
		3B31F469239C622500185BC6 /* AppDelegate.swift in Sources */ = {isa = PBXBuildFile; fileRef = 3B31F468239C622500185BC6 /* AppDelegate.swift */; };
		3B31F46B239C622500185BC6 /* SceneDelegate.swift in Sources */ = {isa = PBXBuildFile; fileRef = 3B31F46A239C622500185BC6 /* SceneDelegate.swift */; };
		3B31F46D239C622500185BC6 /* ContentView.swift in Sources */ = {isa = PBXBuildFile; fileRef = 3B31F46C239C622500185BC6 /* ContentView.swift */; };
		3B31F46F239C622900185BC6 /* Assets.xcassets in Resources */ = {isa = PBXBuildFile; fileRef = 3B31F46E239C622900185BC6 /* Assets.xcassets */; };
		3B31F472239C622900185BC6 /* Preview Assets.xcassets in Resources */ = {isa = PBXBuildFile; fileRef = 3B31F471239C622900185BC6 /* Preview Assets.xcassets */; };
		3B31F475239C622900185BC6 /* LaunchScreen.storyboard in Resources */ = {isa = PBXBuildFile; fileRef = 3B31F473239C622900185BC6 /* LaunchScreen.storyboard */; };
		3B31F47E239C63C300185BC6 /* MainController.swift in Sources */ = {isa = PBXBuildFile; fileRef = 3B31F47D239C63C300185BC6 /* MainController.swift */; };
		3B31F481239C682500185BC6 /* LBTATools in Frameworks */ = {isa = PBXBuildFile; productRef = 3B31F480239C682500185BC6 /* LBTATools */; };
/* End PBXBuildFile section */

/* Begin PBXFileReference section */
		3B18FE3E23A1A7EC009B058A /* LocationCarouselController.swift */ = {isa = PBXFileReference; lastKnownFileType = sourcecode.swift; path = LocationCarouselController.swift; sourceTree = "<group>"; };
		3B18FE4023A1A84C009B058A /* MKMapItem+Address.swift */ = {isa = PBXFileReference; lastKnownFileType = sourcecode.swift; path = "MKMapItem+Address.swift"; sourceTree = "<group>"; };
		3B31F465239C622500185BC6 /* MapsDirection.app */ = {isa = PBXFileReference; explicitFileType = wrapper.application; includeInIndex = 0; path = MapsDirection.app; sourceTree = BUILT_PRODUCTS_DIR; };
		3B31F468239C622500185BC6 /* AppDelegate.swift */ = {isa = PBXFileReference; lastKnownFileType = sourcecode.swift; path = AppDelegate.swift; sourceTree = "<group>"; };
		3B31F46A239C622500185BC6 /* SceneDelegate.swift */ = {isa = PBXFileReference; lastKnownFileType = sourcecode.swift; path = SceneDelegate.swift; sourceTree = "<group>"; };
		3B31F46C239C622500185BC6 /* ContentView.swift */ = {isa = PBXFileReference; lastKnownFileType = sourcecode.swift; path = ContentView.swift; sourceTree = "<group>"; };
		3B31F46E239C622900185BC6 /* Assets.xcassets */ = {isa = PBXFileReference; lastKnownFileType = folder.assetcatalog; path = Assets.xcassets; sourceTree = "<group>"; };
		3B31F471239C622900185BC6 /* Preview Assets.xcassets */ = {isa = PBXFileReference; lastKnownFileType = folder.assetcatalog; path = "Preview Assets.xcassets"; sourceTree = "<group>"; };
		3B31F474239C622900185BC6 /* Base */ = {isa = PBXFileReference; lastKnownFileType = file.storyboard; name = Base; path = Base.lproj/LaunchScreen.storyboard; sourceTree = "<group>"; };
		3B31F476239C622900185BC6 /* Info.plist */ = {isa = PBXFileReference; lastKnownFileType = text.plist.xml; path = Info.plist; sourceTree = "<group>"; };
		3B31F47D239C63C300185BC6 /* MainController.swift */ = {isa = PBXFileReference; lastKnownFileType = sourcecode.swift; path = MainController.swift; sourceTree = "<group>"; };
/* End PBXFileReference section */

/* Begin PBXFrameworksBuildPhase section */
		3B31F462239C622500185BC6 /* Frameworks */ = {
			isa = PBXFrameworksBuildPhase;
			buildActionMask = 2147483647;
			files = (
				3B31F481239C682500185BC6 /* LBTATools in Frameworks */,
			);
			runOnlyForDeploymentPostprocessing = 0;
		};
/* End PBXFrameworksBuildPhase section */

/* Begin PBXGroup section */
		3B31F45C239C622500185BC6 = {
			isa = PBXGroup;
			children = (
				3B31F467239C622500185BC6 /* MapsDirection */,
				3B31F466239C622500185BC6 /* Products */,
			);
			sourceTree = "<group>";
		};
		3B31F466239C622500185BC6 /* Products */ = {
			isa = PBXGroup;
			children = (
				3B31F465239C622500185BC6 /* MapsDirection.app */,
			);
			name = Products;
			sourceTree = "<group>";
		};
		3B31F467239C622500185BC6 /* MapsDirection */ = {
			isa = PBXGroup;
			children = (
				3B31F47C239C63AE00185BC6 /* Main */,
				3B31F468239C622500185BC6 /* AppDelegate.swift */,
				3B31F46A239C622500185BC6 /* SceneDelegate.swift */,
				3B31F46C239C622500185BC6 /* ContentView.swift */,
				3B31F46E239C622900185BC6 /* Assets.xcassets */,
				3B31F473239C622900185BC6 /* LaunchScreen.storyboard */,
				3B31F476239C622900185BC6 /* Info.plist */,
				3B31F470239C622900185BC6 /* Preview Content */,
			);
			path = MapsDirection;
			sourceTree = "<group>";
		};
		3B31F470239C622900185BC6 /* Preview Content */ = {
			isa = PBXGroup;
			children = (
				3B31F471239C622900185BC6 /* Preview Assets.xcassets */,
			);
			path = "Preview Content";
			sourceTree = "<group>";
		};
		3B31F47C239C63AE00185BC6 /* Main */ = {
			isa = PBXGroup;
			children = (
				3B31F47D239C63C300185BC6 /* MainController.swift */,
				3B18FE3E23A1A7EC009B058A /* LocationCarouselController.swift */,
				3B18FE4023A1A84C009B058A /* MKMapItem+Address.swift */,
			);
			path = Main;
			sourceTree = "<group>";
		};
/* End PBXGroup section */

/* Begin PBXNativeTarget section */
		3B31F464239C622500185BC6 /* MapsDirection */ = {
			isa = PBXNativeTarget;
			buildConfigurationList = 3B31F479239C622900185BC6 /* Build configuration list for PBXNativeTarget "MapsDirection" */;
			buildPhases = (
				3B31F461239C622500185BC6 /* Sources */,
				3B31F462239C622500185BC6 /* Frameworks */,
				3B31F463239C622500185BC6 /* Resources */,
			);
			buildRules = (
			);
			dependencies = (
			);
			name = MapsDirection;
			packageProductDependencies = (
				3B31F480239C682500185BC6 /* LBTATools */,
			);
			productName = MapsDirection;
			productReference = 3B31F465239C622500185BC6 /* MapsDirection.app */;
			productType = "com.apple.product-type.application";
		};
/* End PBXNativeTarget section */

/* Begin PBXProject section */
		3B31F45D239C622500185BC6 /* Project object */ = {
			isa = PBXProject;
			attributes = {
				LastSwiftUpdateCheck = 1130;
				LastUpgradeCheck = 1130;
				ORGANIZATIONNAME = "Jack Sp@rroW";
				TargetAttributes = {
					3B31F464239C622500185BC6 = {
						CreatedOnToolsVersion = 11.3;
					};
				};
			};
			buildConfigurationList = 3B31F460239C622500185BC6 /* Build configuration list for PBXProject "MapsDirection" */;
			compatibilityVersion = "Xcode 9.3";
			developmentRegion = en;
			hasScannedForEncodings = 0;
			knownRegions = (
				en,
				Base,
			);
			mainGroup = 3B31F45C239C622500185BC6;
			packageReferences = (
				3B31F47F239C682500185BC6 /* XCRemoteSwiftPackageReference "LBTATools" */,
			);
			productRefGroup = 3B31F466239C622500185BC6 /* Products */;
			projectDirPath = "";
			projectRoot = "";
			targets = (
				3B31F464239C622500185BC6 /* MapsDirection */,
			);
		};
/* End PBXProject section */

/* Begin PBXResourcesBuildPhase section */
		3B31F463239C622500185BC6 /* Resources */ = {
			isa = PBXResourcesBuildPhase;
			buildActionMask = 2147483647;
			files = (
				3B31F475239C622900185BC6 /* LaunchScreen.storyboard in Resources */,
				3B31F472239C622900185BC6 /* Preview Assets.xcassets in Resources */,
				3B31F46F239C622900185BC6 /* Assets.xcassets in Resources */,
			);
			runOnlyForDeploymentPostprocessing = 0;
		};
/* End PBXResourcesBuildPhase section */

/* Begin PBXSourcesBuildPhase section */
		3B31F461239C622500185BC6 /* Sources */ = {
			isa = PBXSourcesBuildPhase;
			buildActionMask = 2147483647;
			files = (
				3B18FE4123A1A84C009B058A /* MKMapItem+Address.swift in Sources */,
				3B31F47E239C63C300185BC6 /* MainController.swift in Sources */,
				3B31F469239C622500185BC6 /* AppDelegate.swift in Sources */,
				3B31F46B239C622500185BC6 /* SceneDelegate.swift in Sources */,
				3B31F46D239C622500185BC6 /* ContentView.swift in Sources */,
				3B18FE3F23A1A7EC009B058A /* LocationCarouselController.swift in Sources */,
			);
			runOnlyForDeploymentPostprocessing = 0;
		};
/* End PBXSourcesBuildPhase section */

/* Begin PBXVariantGroup section */
		3B31F473239C622900185BC6 /* LaunchScreen.storyboard */ = {
			isa = PBXVariantGroup;
			children = (
				3B31F474239C622900185BC6 /* Base */,
			);
			name = LaunchScreen.storyboard;
			sourceTree = "<group>";
		};
/* End PBXVariantGroup section */

/* Begin XCBuildConfiguration section */
		3B31F477239C622900185BC6 /* Debug */ = {
			isa = XCBuildConfiguration;
			buildSettings = {
				ALWAYS_SEARCH_USER_PATHS = NO;
				CLANG_ANALYZER_NONNULL = YES;
				CLANG_ANALYZER_NUMBER_OBJECT_CONVERSION = YES_AGGRESSIVE;
				CLANG_CXX_LANGUAGE_STANDARD = "gnu++14";
				CLANG_CXX_LIBRARY = "libc++";
				CLANG_ENABLE_MODULES = YES;
				CLANG_ENABLE_OBJC_ARC = YES;
				CLANG_ENABLE_OBJC_WEAK = YES;
				CLANG_WARN_BLOCK_CAPTURE_AUTORELEASING = YES;
				CLANG_WARN_BOOL_CONVERSION = YES;
				CLANG_WARN_COMMA = YES;
				CLANG_WARN_CONSTANT_CONVERSION = YES;
				CLANG_WARN_DEPRECATED_OBJC_IMPLEMENTATIONS = YES;
				CLANG_WARN_DIRECT_OBJC_ISA_USAGE = YES_ERROR;
				CLANG_WARN_DOCUMENTATION_COMMENTS = YES;
				CLANG_WARN_EMPTY_BODY = YES;
				CLANG_WARN_ENUM_CONVERSION = YES;
				CLANG_WARN_INFINITE_RECURSION = YES;
				CLANG_WARN_INT_CONVERSION = YES;
				CLANG_WARN_NON_LITERAL_NULL_CONVERSION = YES;
				CLANG_WARN_OBJC_IMPLICIT_RETAIN_SELF = YES;
				CLANG_WARN_OBJC_LITERAL_CONVERSION = YES;
				CLANG_WARN_OBJC_ROOT_CLASS = YES_ERROR;
				CLANG_WARN_RANGE_LOOP_ANALYSIS = YES;
				CLANG_WARN_STRICT_PROTOTYPES = YES;
				CLANG_WARN_SUSPICIOUS_MOVE = YES;
				CLANG_WARN_UNGUARDED_AVAILABILITY = YES_AGGRESSIVE;
				CLANG_WARN_UNREACHABLE_CODE = YES;
				CLANG_WARN__DUPLICATE_METHOD_MATCH = YES;
				COPY_PHASE_STRIP = NO;
				DEBUG_INFORMATION_FORMAT = dwarf;
				ENABLE_STRICT_OBJC_MSGSEND = YES;
				ENABLE_TESTABILITY = YES;
				GCC_C_LANGUAGE_STANDARD = gnu11;
				GCC_DYNAMIC_NO_PIC = NO;
				GCC_NO_COMMON_BLOCKS = YES;
				GCC_OPTIMIZATION_LEVEL = 0;
				GCC_PREPROCESSOR_DEFINITIONS = (
					"DEBUG=1",
					"$(inherited)",
				);
				GCC_WARN_64_TO_32_BIT_CONVERSION = YES;
				GCC_WARN_ABOUT_RETURN_TYPE = YES_ERROR;
				GCC_WARN_UNDECLARED_SELECTOR = YES;
				GCC_WARN_UNINITIALIZED_AUTOS = YES_AGGRESSIVE;
				GCC_WARN_UNUSED_FUNCTION = YES;
				GCC_WARN_UNUSED_VARIABLE = YES;
				IPHONEOS_DEPLOYMENT_TARGET = 13.2;
				MTL_ENABLE_DEBUG_INFO = INCLUDE_SOURCE;
				MTL_FAST_MATH = YES;
				ONLY_ACTIVE_ARCH = YES;
				SDKROOT = iphoneos;
				SWIFT_ACTIVE_COMPILATION_CONDITIONS = DEBUG;
				SWIFT_OPTIMIZATION_LEVEL = "-Onone";
			};
			name = Debug;
		};
		3B31F478239C622900185BC6 /* Release */ = {
			isa = XCBuildConfiguration;
			buildSettings = {
				ALWAYS_SEARCH_USER_PATHS = NO;
				CLANG_ANALYZER_NONNULL = YES;
				CLANG_ANALYZER_NUMBER_OBJECT_CONVERSION = YES_AGGRESSIVE;
				CLANG_CXX_LANGUAGE_STANDARD = "gnu++14";
				CLANG_CXX_LIBRARY = "libc++";
				CLANG_ENABLE_MODULES = YES;
				CLANG_ENABLE_OBJC_ARC = YES;
				CLANG_ENABLE_OBJC_WEAK = YES;
				CLANG_WARN_BLOCK_CAPTURE_AUTORELEASING = YES;
				CLANG_WARN_BOOL_CONVERSION = YES;
				CLANG_WARN_COMMA = YES;
				CLANG_WARN_CONSTANT_CONVERSION = YES;
				CLANG_WARN_DEPRECATED_OBJC_IMPLEMENTATIONS = YES;
				CLANG_WARN_DIRECT_OBJC_ISA_USAGE = YES_ERROR;
				CLANG_WARN_DOCUMENTATION_COMMENTS = YES;
				CLANG_WARN_EMPTY_BODY = YES;
				CLANG_WARN_ENUM_CONVERSION = YES;
				CLANG_WARN_INFINITE_RECURSION = YES;
				CLANG_WARN_INT_CONVERSION = YES;
				CLANG_WARN_NON_LITERAL_NULL_CONVERSION = YES;
				CLANG_WARN_OBJC_IMPLICIT_RETAIN_SELF = YES;
				CLANG_WARN_OBJC_LITERAL_CONVERSION = YES;
				CLANG_WARN_OBJC_ROOT_CLASS = YES_ERROR;
				CLANG_WARN_RANGE_LOOP_ANALYSIS = YES;
				CLANG_WARN_STRICT_PROTOTYPES = YES;
				CLANG_WARN_SUSPICIOUS_MOVE = YES;
				CLANG_WARN_UNGUARDED_AVAILABILITY = YES_AGGRESSIVE;
				CLANG_WARN_UNREACHABLE_CODE = YES;
				CLANG_WARN__DUPLICATE_METHOD_MATCH = YES;
				COPY_PHASE_STRIP = NO;
				DEBUG_INFORMATION_FORMAT = "dwarf-with-dsym";
				ENABLE_NS_ASSERTIONS = NO;
				ENABLE_STRICT_OBJC_MSGSEND = YES;
				GCC_C_LANGUAGE_STANDARD = gnu11;
				GCC_NO_COMMON_BLOCKS = YES;
				GCC_WARN_64_TO_32_BIT_CONVERSION = YES;
				GCC_WARN_ABOUT_RETURN_TYPE = YES_ERROR;
				GCC_WARN_UNDECLARED_SELECTOR = YES;
				GCC_WARN_UNINITIALIZED_AUTOS = YES_AGGRESSIVE;
				GCC_WARN_UNUSED_FUNCTION = YES;
				GCC_WARN_UNUSED_VARIABLE = YES;
				IPHONEOS_DEPLOYMENT_TARGET = 13.2;
				MTL_ENABLE_DEBUG_INFO = NO;
				MTL_FAST_MATH = YES;
				SDKROOT = iphoneos;
				SWIFT_COMPILATION_MODE = wholemodule;
				SWIFT_OPTIMIZATION_LEVEL = "-O";
				VALIDATE_PRODUCT = YES;
			};
			name = Release;
		};
		3B31F47A239C622900185BC6 /* Debug */ = {
			isa = XCBuildConfiguration;
			buildSettings = {
				ASSETCATALOG_COMPILER_APPICON_NAME = AppIcon;
				CODE_SIGN_STYLE = Automatic;
				DEVELOPMENT_ASSET_PATHS = "\"MapsDirection/Preview Content\"";
				DEVELOPMENT_TEAM = 7A2MDG26ZT;
				ENABLE_PREVIEWS = YES;
				INFOPLIST_FILE = MapsDirection/Info.plist;
				IPHONEOS_DEPLOYMENT_TARGET = 13.0;
				LD_RUNPATH_SEARCH_PATHS = (
					"$(inherited)",
					"@executable_path/Frameworks",
				);
				PRODUCT_BUNDLE_IDENTIFIER = com.stepanet.MapsDirection;
				PRODUCT_NAME = "$(TARGET_NAME)";
				SWIFT_VERSION = 5.0;
				TARGETED_DEVICE_FAMILY = "1,2";
			};
			name = Debug;
		};
		3B31F47B239C622900185BC6 /* Release */ = {
			isa = XCBuildConfiguration;
			buildSettings = {
				ASSETCATALOG_COMPILER_APPICON_NAME = AppIcon;
				CODE_SIGN_STYLE = Automatic;
				DEVELOPMENT_ASSET_PATHS = "\"MapsDirection/Preview Content\"";
				DEVELOPMENT_TEAM = 7A2MDG26ZT;
				ENABLE_PREVIEWS = YES;
				INFOPLIST_FILE = MapsDirection/Info.plist;
				IPHONEOS_DEPLOYMENT_TARGET = 13.0;
				LD_RUNPATH_SEARCH_PATHS = (
					"$(inherited)",
					"@executable_path/Frameworks",
				);
				PRODUCT_BUNDLE_IDENTIFIER = com.stepanet.MapsDirection;
				PRODUCT_NAME = "$(TARGET_NAME)";
				SWIFT_VERSION = 5.0;
				TARGETED_DEVICE_FAMILY = "1,2";
			};
			name = Release;
		};
/* End XCBuildConfiguration section */

/* Begin XCConfigurationList section */
		3B31F460239C622500185BC6 /* Build configuration list for PBXProject "MapsDirection" */ = {
			isa = XCConfigurationList;
			buildConfigurations = (
				3B31F477239C622900185BC6 /* Debug */,
				3B31F478239C622900185BC6 /* Release */,
			);
			defaultConfigurationIsVisible = 0;
			defaultConfigurationName = Release;
		};
		3B31F479239C622900185BC6 /* Build configuration list for PBXNativeTarget "MapsDirection" */ = {
			isa = XCConfigurationList;
			buildConfigurations = (
				3B31F47A239C622900185BC6 /* Debug */,
				3B31F47B239C622900185BC6 /* Release */,
			);
			defaultConfigurationIsVisible = 0;
			defaultConfigurationName = Release;
		};
/* End XCConfigurationList section */

/* Begin XCRemoteSwiftPackageReference section */
		3B31F47F239C682500185BC6 /* XCRemoteSwiftPackageReference "LBTATools" */ = {
			isa = XCRemoteSwiftPackageReference;
			repositoryURL = "https://github.com/bhlvoong/LBTATools.git";
			requirement = {
				kind = upToNextMajorVersion;
				minimumVersion = 1.0.17;
			};
		};
/* End XCRemoteSwiftPackageReference section */

/* Begin XCSwiftPackageProductDependency section */
		3B31F480239C682500185BC6 /* LBTATools */ = {
			isa = XCSwiftPackageProductDependency;
			package = 3B31F47F239C682500185BC6 /* XCRemoteSwiftPackageReference "LBTATools" */;
			productName = LBTATools;
		};
/* End XCSwiftPackageProductDependency section */
	};
	rootObject = 3B31F45D239C622500185BC6 /* Project object */;
}
